
Microsoft Visual Studio Solution File, Format Version 12.00
# Visual Studio Version 16
VisualStudioVersion = 16.0.30413.136
MinimumVisualStudioVersion = 10.0.40219.1
Project("{9A19103F-16F7-4668-BE54-9A1E7A4F7556}") = "CleanArchitecture.Api", "CleanArchitecture.Api\CleanArchitecture.Api.csproj", "{7A3FE6F5-38BA-4E9E-8C82-20A89BB82390}"
EndProject
Project("{9A19103F-16F7-4668-BE54-9A1E7A4F7556}") = "CleanArchitecture.Infrastructure", "CleanArchitecture.Infrastructure\CleanArchitecture.Infrastructure.csproj", "{DF0DF211-892B-4918-A782-75E7C8969F70}"
EndProject
Project("{9A19103F-16F7-4668-BE54-9A1E7A4F7556}") = "CleanArchitecture.Application", "CleanArchitecture.Application\CleanArchitecture.Application.csproj", "{3295A78B-6E0E-4DBD-80BC-27E55A753B14}"
EndProject
Project("{9A19103F-16F7-4668-BE54-9A1E7A4F7556}") = "CleanArchitecture.Core", "CleanArchitecture.Core\CleanArchitecture.Core.csproj", "{7016A752-DEF6-4670-B000-492D85819AF2}"
EndProject
Global
	GlobalSection(SolutionConfigurationPlatforms) = preSolution
		Debug|Any CPU = Debug|Any CPU
		Release|Any CPU = Release|Any CPU
	EndGlobalSection
	GlobalSection(ProjectConfigurationPlatforms) = postSolution
		{7A3FE6F5-38BA-4E9E-8C82-20A89BB82390}.Debug|Any CPU.ActiveCfg = Debug|Any CPU
		{7A3FE6F5-38BA-4E9E-8C82-20A89BB82390}.Debug|Any CPU.Build.0 = Debug|Any CPU
		{7A3FE6F5-38BA-4E9E-8C82-20A89BB82390}.Release|Any CPU.ActiveCfg = Release|Any CPU
		{7A3FE6F5-38BA-4E9E-8C82-20A89BB82390}.Release|Any CPU.Build.0 = Release|Any CPU
		{DF0DF211-892B-4918-A782-75E7C8969F70}.Debug|Any CPU.ActiveCfg = Debug|Any CPU
		{DF0DF211-892B-4918-A782-75E7C8969F70}.Debug|Any CPU.Build.0 = Debug|Any CPU
		{DF0DF211-892B-4918-A782-75E7C8969F70}.Release|Any CPU.ActiveCfg = Release|Any CPU
		{DF0DF211-892B-4918-A782-75E7C8969F70}.Release|Any CPU.Build.0 = Release|Any CPU
		{3295A78B-6E0E-4DBD-80BC-27E55A753B14}.Debug|Any CPU.ActiveCfg = Debug|Any CPU
		{3295A78B-6E0E-4DBD-80BC-27E55A753B14}.Debug|Any CPU.Build.0 = Debug|Any CPU
		{3295A78B-6E0E-4DBD-80BC-27E55A753B14}.Release|Any CPU.ActiveCfg = Release|Any CPU
		{3295A78B-6E0E-4DBD-80BC-27E55A753B14}.Release|Any CPU.Build.0 = Release|Any CPU
		{7016A752-DEF6-4670-B000-492D85819AF2}.Debug|Any CPU.ActiveCfg = Debug|Any CPU
		{7016A752-DEF6-4670-B000-492D85819AF2}.Debug|Any CPU.Build.0 = Debug|Any CPU
		{7016A752-DEF6-4670-B000-492D85819AF2}.Release|Any CPU.ActiveCfg = Release|Any CPU
		{7016A752-DEF6-4670-B000-492D85819AF2}.Release|Any CPU.Build.0 = Release|Any CPU
	EndGlobalSection
	GlobalSection(SolutionProperties) = preSolution
		HideSolutionNode = FALSE
	EndGlobalSection
	GlobalSection(ExtensibilityGlobals) = postSolution
		SolutionGuid = {F0DE3E58-59D0-44D8-BF46-326DDCE07AEE}
	EndGlobalSection
EndGlobal
